
Microsoft Visual Studio Solution File, Format Version 10.00
# Visual Studio 2008
Project("{8BC9CEB8-8B4A-11D0-8D11-00A0C91BC942}") = "FaceDetectServer", "FaceDetectServer\FaceDetectServer.vcproj", "{CD005FD6-9E11-43F9-BAC5-3618E18D7B90}"
EndProject
Global
	GlobalSection(SolutionConfigurationPlatforms) = preSolution
		Debug|Win32 = Debug|Win32
		Release|Win32 = Release|Win32
	EndGlobalSection
	GlobalSection(ProjectConfigurationPlatforms) = postSolution
		{CD005FD6-9E11-43F9-BAC5-3618E18D7B90}.Debug|Win32.ActiveCfg = Debug|Win32
		{CD005FD6-9E11-43F9-BAC5-3618E18D7B90}.Debug|Win32.Build.0 = Debug|Win32
		{CD005FD6-9E11-43F9-BAC5-3618E18D7B90}.Release|Win32.ActiveCfg = Release|Win32
		{CD005FD6-9E11-43F9-BAC5-3618E18D7B90}.Release|Win32.Build.0 = Release|Win32
	EndGlobalSection
	GlobalSection(SolutionProperties) = preSolution
		HideSolutionNode = FALSE
	EndGlobalSection
EndGlobal
